
Microsoft Visual Studio Solution File, Format Version 12.00
# Visual Studio 15
VisualStudioVersion = 15.0.28307.102
MinimumVisualStudioVersion = 10.0.40219.1
Project("{FAE04EC0-301F-11D3-BF4B-00C04F79EFBC}") = "FileSystem", "FileSystem\FileSystem.csproj", "{4C452C95-FC0C-4A6A-8BC0-E5C2D0305699}"
EndProject
Global
	GlobalSection(SolutionConfigurationPlatforms) = preSolution
		Debug|Any CPU = Debug|Any CPU
		Release|Any CPU = Release|Any CPU
	EndGlobalSection
	GlobalSection(ProjectConfigurationPlatforms) = postSolution
		{4C452C95-FC0C-4A6A-8BC0-E5C2D0305699}.Debug|Any CPU.ActiveCfg = Debug|Any CPU
		{4C452C95-FC0C-4A6A-8BC0-E5C2D0305699}.Debug|Any CPU.Build.0 = Debug|Any CPU
		{4C452C95-FC0C-4A6A-8BC0-E5C2D0305699}.Release|Any CPU.ActiveCfg = Release|Any CPU
		{4C452C95-FC0C-4A6A-8BC0-E5C2D0305699}.Release|Any CPU.Build.0 = Release|Any CPU
	EndGlobalSection
	GlobalSection(SolutionProperties) = preSolution
		HideSolutionNode = FALSE
	EndGlobalSection
	GlobalSection(ExtensibilityGlobals) = postSolution
		SolutionGuid = {8E54EB7B-AA26-4CB4-80AC-01AAC747BB44}
	EndGlobalSection
EndGlobal
